
Microsoft Visual Studio Solution File, Format Version 12.00
# Visual Studio Version 16
VisualStudioVersion = 16.0.31624.102
MinimumVisualStudioVersion = 10.0.40219.1
Project("{FAE04EC0-301F-11D3-BF4B-00C04F79EFBC}") = "Algoritmo-RSA", "Algoritmo-RSA.csproj", "{6AB42F0C-3F6D-40B4-A335-D7241014BE1E}"
EndProject
Global
	GlobalSection(SolutionConfigurationPlatforms) = preSolution
		Debug|Any CPU = Debug|Any CPU
		Release|Any CPU = Release|Any CPU
	EndGlobalSection
	GlobalSection(ProjectConfigurationPlatforms) = postSolution
		{6AB42F0C-3F6D-40B4-A335-D7241014BE1E}.Debug|Any CPU.ActiveCfg = Debug|Any CPU
		{6AB42F0C-3F6D-40B4-A335-D7241014BE1E}.Debug|Any CPU.Build.0 = Debug|Any CPU
		{6AB42F0C-3F6D-40B4-A335-D7241014BE1E}.Release|Any CPU.ActiveCfg = Release|Any CPU
		{6AB42F0C-3F6D-40B4-A335-D7241014BE1E}.Release|Any CPU.Build.0 = Release|Any CPU
	EndGlobalSection
	GlobalSection(SolutionProperties) = preSolution
		HideSolutionNode = FALSE
	EndGlobalSection
	GlobalSection(ExtensibilityGlobals) = postSolution
		SolutionGuid = {4750C959-4F50-469F-A7FF-396CE8240778}
	EndGlobalSection
EndGlobal
